// !$*UTF8*$!
{
	archiveVersion = 1;
	classes = {
	};
	objectVersion = 60;
	objects = {

/* Begin PBXFileReference section */
		72C2798D2CE9645100750C0C /* themoonlitcentre.html */ = {isa = PBXFileReference; lastKnownFileType = text.html; path = themoonlitcentre.html; sourceTree = "<group>"; };
		72C2798E2CE9647400750C0C /* themoonlitcentre.css */ = {isa = PBXFileReference; lastKnownFileType = text.css; path = themoonlitcentre.css; sourceTree = "<group>"; };
/* End PBXFileReference section */

/* Begin PBXGroup section */
		72C279862CE9644600750C0C = {
			isa = PBXGroup;
			children = (
				72C2798D2CE9645100750C0C /* themoonlitcentre.html */,
				72C2798E2CE9647400750C0C /* themoonlitcentre.css */,
			);
			sourceTree = "<group>";
		};
/* End PBXGroup section */

/* Begin PBXProject section */
		72C279872CE9644600750C0C /* Project object */ = {
			isa = PBXProject;
			attributes = {
				BuildIndependentTargetsInParallel = 1;
				LastUpgradeCheck = 1600;
			};
			buildConfigurationList = 72C2798A2CE9644600750C0C /* Build configuration list for PBXProject "TMC" */;
			compatibilityVersion = "Xcode 15.0";
			developmentRegion = en;
			hasScannedForEncodings = 0;
			knownRegions = (
				en,
				Base,
			);
			mainGroup = 72C279862CE9644600750C0C;
			projectDirPath = "";
			projectRoot = "";
			targets = (
			);
		};
/* End PBXProject section */

/* Begin XCBuildConfiguration section */
		72C2798B2CE9644600750C0C /* Debug */ = {
			isa = XCBuildConfiguration;
			buildSettings = {
			};
			name = Debug;
		};
		72C2798C2CE9644600750C0C /* Release */ = {
			isa = XCBuildConfiguration;
			buildSettings = {
			};
			name = Release;
		};
/* End XCBuildConfiguration section */

/* Begin XCConfigurationList section */
		72C2798A2CE9644600750C0C /* Build configuration list for PBXProject "TMC" */ = {
			isa = XCConfigurationList;
			buildConfigurations = (
				72C2798B2CE9644600750C0C /* Debug */,
				72C2798C2CE9644600750C0C /* Release */,
			);
			defaultConfigurationIsVisible = 0;
			defaultConfigurationName = Release;
		};
/* End XCConfigurationList section */
	};
	rootObject = 72C279872CE9644600750C0C /* Project object */;
}
